
Microsoft Visual Studio Solution File, Format Version 12.00
# Visual Studio 15
VisualStudioVersion = 15.0.28307.1022
MinimumVisualStudioVersion = 10.0.40219.1
Project("{FAE04EC0-301F-11D3-BF4B-00C04F79EFBC}") = "Studio84_v2", "Studio84_v2\Studio84_v2.csproj", "{F7F7F76A-F310-4B8C-B820-D33142838857}"
EndProject
Project("{FAE04EC0-301F-11D3-BF4B-00C04F79EFBC}") = "Studio84.Model", "Studio84.Model\Studio84.Model.csproj", "{DD21F9E7-2D5B-45F4-B9F4-7BBD098E2058}"
EndProject
Project("{FAE04EC0-301F-11D3-BF4B-00C04F79EFBC}") = "Studio84.Services", "Studio84.Services\Studio84.Services.csproj", "{E91980D0-9A09-4E60-97CA-B98B55448DF0}"
EndProject
Global
	GlobalSection(SolutionConfigurationPlatforms) = preSolution
		Debug|Any CPU = Debug|Any CPU
		Release|Any CPU = Release|Any CPU
	EndGlobalSection
	GlobalSection(ProjectConfigurationPlatforms) = postSolution
		{F7F7F76A-F310-4B8C-B820-D33142838857}.Debug|Any CPU.ActiveCfg = Debug|Any CPU
		{F7F7F76A-F310-4B8C-B820-D33142838857}.Debug|Any CPU.Build.0 = Debug|Any CPU
		{F7F7F76A-F310-4B8C-B820-D33142838857}.Release|Any CPU.ActiveCfg = Release|Any CPU
		{F7F7F76A-F310-4B8C-B820-D33142838857}.Release|Any CPU.Build.0 = Release|Any CPU
		{DD21F9E7-2D5B-45F4-B9F4-7BBD098E2058}.Debug|Any CPU.ActiveCfg = Debug|Any CPU
		{DD21F9E7-2D5B-45F4-B9F4-7BBD098E2058}.Debug|Any CPU.Build.0 = Debug|Any CPU
		{DD21F9E7-2D5B-45F4-B9F4-7BBD098E2058}.Release|Any CPU.ActiveCfg = Release|Any CPU
		{DD21F9E7-2D5B-45F4-B9F4-7BBD098E2058}.Release|Any CPU.Build.0 = Release|Any CPU
		{E91980D0-9A09-4E60-97CA-B98B55448DF0}.Debug|Any CPU.ActiveCfg = Debug|Any CPU
		{E91980D0-9A09-4E60-97CA-B98B55448DF0}.Debug|Any CPU.Build.0 = Debug|Any CPU
		{E91980D0-9A09-4E60-97CA-B98B55448DF0}.Release|Any CPU.ActiveCfg = Release|Any CPU
		{E91980D0-9A09-4E60-97CA-B98B55448DF0}.Release|Any CPU.Build.0 = Release|Any CPU
	EndGlobalSection
	GlobalSection(SolutionProperties) = preSolution
		HideSolutionNode = FALSE
	EndGlobalSection
	GlobalSection(ExtensibilityGlobals) = postSolution
		SolutionGuid = {2AFEE20D-1A03-4170-9C62-FD036CBAAE35}
	EndGlobalSection
EndGlobal
